
Microsoft Visual Studio Solution File, Format Version 10.00
# Visual Studio 2008
Project("{FAE04EC0-301F-11D3-BF4B-00C04F79EFBC}") = "jetboysync-cli", "jetboysync-cli\jetboysync-cli.csproj", "{432F78CB-26A5-48B5-B925-852C9B8A5B94}"
EndProject
Project("{9344bdbb-3e7f-41fc-a0dd-8665d75ee146}") = "Packages", "Packages.mdproj", "{FB332033-0DE2-4B7D-AF3A-882566B365C7}"
EndProject
Project("{FAE04EC0-301F-11D3-BF4B-00C04F79EFBC}") = "jetboysync-lib", "jetboysync-lib\jetboysync-lib.csproj", "{BD539A4B-B10D-4F0A-905D-0C3072B027D5}"
EndProject
Project("{9344bdbb-3e7f-41fc-a0dd-8665d75ee146}") = "Packages", "Packages.mdproj", "{FB332033-0DE2-4B7D-AF3A-882566B365C7}"
EndProject
Global
	GlobalSection(SolutionConfigurationPlatforms) = preSolution
		Debug|x86 = Debug|x86
		Release|x86 = Release|x86
	EndGlobalSection
	GlobalSection(ProjectConfigurationPlatforms) = postSolution
		{432F78CB-26A5-48B5-B925-852C9B8A5B94}.Debug|x86.ActiveCfg = Debug|x86
		{432F78CB-26A5-48B5-B925-852C9B8A5B94}.Debug|x86.Build.0 = Debug|x86
		{432F78CB-26A5-48B5-B925-852C9B8A5B94}.Release|x86.ActiveCfg = Release|x86
		{432F78CB-26A5-48B5-B925-852C9B8A5B94}.Release|x86.Build.0 = Release|x86
		{BD539A4B-B10D-4F0A-905D-0C3072B027D5}.Debug|x86.ActiveCfg = Debug|Any CPU
		{BD539A4B-B10D-4F0A-905D-0C3072B027D5}.Debug|x86.Build.0 = Debug|Any CPU
		{BD539A4B-B10D-4F0A-905D-0C3072B027D5}.Release|x86.ActiveCfg = Release|Any CPU
		{BD539A4B-B10D-4F0A-905D-0C3072B027D5}.Release|x86.Build.0 = Release|Any CPU
		{FB332033-0DE2-4B7D-AF3A-882566B365C7}.Debug|x86.ActiveCfg = Debug|Any CPU
		{FB332033-0DE2-4B7D-AF3A-882566B365C7}.Debug|x86.ActiveCfg = Debug|Any CPU
		{FB332033-0DE2-4B7D-AF3A-882566B365C7}.Release|x86.ActiveCfg = Release|Any CPU
		{FB332033-0DE2-4B7D-AF3A-882566B365C7}.Release|x86.ActiveCfg = Release|Any CPU
	EndGlobalSection
	GlobalSection(MonoDevelopProperties) = preSolution
		StartupItem = jetboysync-cli\jetboysync-cli.csproj
	EndGlobalSection
EndGlobal
